{
  "name": "bjork",
  "version": "1.0.0",
  "lockfileVersion": 3,
  "requires": true,
  "packages": {
    "": {
      "name": "bjork",
      "version": "1.0.0",
      "license": "ISC",
      "dependencies": {
        "@pixi/gif": "^3.0.1",
        "@pixi/loaders": "^6.5.10",
        "pixi.js": "^8.2.6"
      }
    },
    "node_modules/@pixi/colord": {
      "version": "2.9.6",
      "resolved": "https://npm.core-gaming.io/@pixi%2fcolord/-/colord-2.9.6.tgz",
      "integrity": "sha512-nezytU2pw587fQstUu1AsJZDVEynjskwOL+kibwcdxsMBFqPsFFNA7xl0ii/gXuDi6M0xj3mfRJj8pBSc2jCfA=="
    },
    "node_modules/@pixi/constants": {
      "version": "6.5.10",
      "resolved": "https://npm.core-gaming.io/@pixi%2fconstants/-/constants-6.5.10.tgz",
      "integrity": "sha512-PUF2Y9YISRu5eVrVVHhHCWpc/KmxQTg3UH8rIUs8UI9dCK41/wsPd3pEahzf7H47v7x1HCohVZcFO3XQc1bUDw==",
      "peer": true
    },
    "node_modules/@pixi/core": {
      "version": "6.5.10",
      "resolved": "https://npm.core-gaming.io/@pixi%2fcore/-/core-6.5.10.tgz",
      "integrity": "sha512-Gdzp5ENypyglvsh5Gv3teUZnZnmizo4xOsL+QqmWALdFlJXJwLJMVhKVThV/q/095XR6i4Ou54oshn+m4EkuFw==",
      "peer": true,
      "dependencies": {
        "@types/offscreencanvas": "^2019.6.4"
      },
      "funding": {
        "type": "opencollective",
        "url": "https://opencollective.com/pixijs"
      },
      "peerDependencies": {
        "@pixi/constants": "6.5.10",
        "@pixi/extensions": "6.5.10",
        "@pixi/math": "6.5.10",
        "@pixi/runner": "6.5.10",
        "@pixi/settings": "6.5.10",
        "@pixi/ticker": "6.5.10",
        "@pixi/utils": "6.5.10"
      }
    },
    "node_modules/@pixi/extensions": {
      "version": "6.5.10",
      "resolved": "https://npm.core-gaming.io/@pixi%2fextensions/-/extensions-6.5.10.tgz",
      "integrity": "sha512-EIUGza+E+sCy3dupuIjvRK/WyVyfSzHb5XsxRaxNrPwvG1iIUIqNqZ3owLYCo4h17fJWrj/yXVufNNtUKQccWQ==",
      "peer": true
    },
    "node_modules/@pixi/gif": {
      "version": "3.0.1",
      "resolved": "https://npm.core-gaming.io/@pixi%2fgif/-/gif-3.0.1.tgz",
      "integrity": "sha512-oGl0nkbFAe1vaRLyIvGbJc3fcIrS8vF1E00cwjiV+9f1pYe072D+yijJxHsgYnXs6jdzERh+D0MqSrEag0jRzg==",
      "peerDependencies": {
        "pixi.js": "^8.0.0"
      }
    },
    "node_modules/@pixi/loaders": {
      "version": "6.5.10",
      "resolved": "https://npm.core-gaming.io/@pixi%2floaders/-/loaders-6.5.10.tgz",
      "integrity": "sha512-AuK7mXBmyVsDFL9DDFPB8sqP8fwQ2NOktvu98bQuJl0/p/UeK/0OAQnF3wcf3FeBv5YGXfNHL21c2DCisjKfTg==",
      "peerDependencies": {
        "@pixi/constants": "6.5.10",
        "@pixi/core": "6.5.10",
        "@pixi/utils": "6.5.10"
      }
    },
    "node_modules/@pixi/math": {
      "version": "6.5.10",
      "resolved": "https://npm.core-gaming.io/@pixi%2fmath/-/math-6.5.10.tgz",
      "integrity": "sha512-fxeu7ykVbMGxGV2S3qRTupHToeo1hdWBm8ihyURn3BMqJZe2SkZEECPd5RyvIuuNUtjRnmhkZRnF3Jsz2S+L0g==",
      "peer": true
    },
    "node_modules/@pixi/runner": {
      "version": "6.5.10",
      "resolved": "https://npm.core-gaming.io/@pixi%2frunner/-/runner-6.5.10.tgz",
      "integrity": "sha512-4HiHp6diCmigJT/DSbnqQP62OfWKmZB7zPWMdV1AEdr4YT1QxzXAW1wHg7dkoEfyTHqZKl0tm/zcqKq/iH7tMA==",
      "peer": true
    },
    "node_modules/@pixi/settings": {
      "version": "6.5.10",
      "resolved": "https://npm.core-gaming.io/@pixi%2fsettings/-/settings-6.5.10.tgz",
      "integrity": "sha512-ypAS5L7pQ2Qb88yQK72bXtc7sD8OrtLWNXdZ/gnw5kwSWCFaOSoqhKqJCXrR5DQtN98+RQefwbEAmMvqobhFyw==",
      "peer": true,
      "peerDependencies": {
        "@pixi/constants": "6.5.10"
      }
    },
    "node_modules/@pixi/ticker": {
      "version": "6.5.10",
      "resolved": "https://npm.core-gaming.io/@pixi%2fticker/-/ticker-6.5.10.tgz",
      "integrity": "sha512-UqX1XYtzqFSirmTOy8QAK4Ccg4KkIZztrBdRPKwFSOEiKAJoGDCSBmyQBo/9aYQKGObbNnrJ7Hxv3/ucg3/1GA==",
      "peer": true,
      "peerDependencies": {
        "@pixi/extensions": "6.5.10",
        "@pixi/settings": "6.5.10"
      }
    },
    "node_modules/@pixi/utils": {
      "version": "6.5.10",
      "resolved": "https://npm.core-gaming.io/@pixi%2futils/-/utils-6.5.10.tgz",
      "integrity": "sha512-4f4qDMmAz9IoSAe08G2LAxUcEtG9jSdudfsMQT2MG+OpfToirboE6cNoO0KnLCvLzDVE/mfisiQ9uJbVA9Ssdw==",
      "peer": true,
      "dependencies": {
        "@types/earcut": "^2.1.0",
        "earcut": "^2.2.4",
        "eventemitter3": "^3.1.0",
        "url": "^0.11.0"
      },
      "peerDependencies": {
        "@pixi/constants": "6.5.10",
        "@pixi/settings": "6.5.10"
      }
    },
    "node_modules/@pixi/utils/node_modules/eventemitter3": {
      "version": "3.1.2",
      "resolved": "https://npm.core-gaming.io/eventemitter3/-/eventemitter3-3.1.2.tgz",
      "integrity": "sha512-tvtQIeLVHjDkJYnzf2dgVMxfuSGJeM/7UCG17TT4EumTfNtF+0nebF/4zWOIkCreAbtNqhGEboB6BWrwqNaw4Q==",
      "peer": true
    },
    "node_modules/@types/css-font-loading-module": {
      "version": "0.0.12",
      "resolved": "https://npm.core-gaming.io/@types%2fcss-font-loading-module/-/css-font-loading-module-0.0.12.tgz",
      "integrity": "sha512-x2tZZYkSxXqWvTDgveSynfjq/T2HyiZHXb00j/+gy19yp70PHCizM48XFdjBCWH7eHBD0R5i/pw9yMBP/BH5uA=="
    },
    "node_modules/@types/earcut": {
      "version": "2.1.4",
      "resolved": "https://npm.core-gaming.io/@types%2fearcut/-/earcut-2.1.4.tgz",
      "integrity": "sha512-qp3m9PPz4gULB9MhjGID7wpo3gJ4bTGXm7ltNDsmOvsPduTeHp8wSW9YckBj3mljeOh4F0m2z/0JKAALRKbmLQ=="
    },
    "node_modules/@types/offscreencanvas": {
      "version": "2019.7.3",
      "resolved": "https://npm.core-gaming.io/@types%2foffscreencanvas/-/offscreencanvas-2019.7.3.tgz",
      "integrity": "sha512-ieXiYmgSRXUDeOntE1InxjWyvEelZGP63M+cGuquuRLuIKKT1osnkXjxev9B7d1nXSug5vpunx+gNlbVxMlC9A==",
      "peer": true
    },
    "node_modules/@webgpu/types": {
      "version": "0.1.44",
      "resolved": "https://npm.core-gaming.io/@webgpu%2ftypes/-/types-0.1.44.tgz",
      "integrity": "sha512-JDpYJN5E/asw84LTYhKyvPpxGnD+bAKPtpW9Ilurf7cZpxaTbxkQcGwOd7jgB9BPBrTYQ+32ufo4HiuomTjHNQ=="
    },
    "node_modules/@xmldom/xmldom": {
      "version": "0.8.10",
      "resolved": "https://npm.core-gaming.io/@xmldom%2fxmldom/-/xmldom-0.8.10.tgz",
      "integrity": "sha512-2WALfTl4xo2SkGCYRt6rDTFfk9R1czmBvUQy12gK2KuRKIpWEhcbbzy8EZXtz/jkRqHX8bFEc6FC1HjX4TUWYw==",
      "engines": {
        "node": ">=10.0.0"
      }
    },
    "node_modules/call-bind": {
      "version": "1.0.7",
      "resolved": "https://npm.core-gaming.io/call-bind/-/call-bind-1.0.7.tgz",
      "integrity": "sha512-GHTSNSYICQ7scH7sZ+M2rFopRoLh8t2bLSW6BbgrtLsahOIB5iyAVJf9GjWK3cYTDaMj4XdBpM1cA6pIS0Kv2w==",
      "peer": true,
      "dependencies": {
        "es-define-property": "^1.0.0",
        "es-errors": "^1.3.0",
        "function-bind": "^1.1.2",
        "get-intrinsic": "^1.2.4",
        "set-function-length": "^1.2.1"
      },
      "engines": {
        "node": ">= 0.4"
      },
      "funding": {
        "url": "https://github.com/sponsors/ljharb"
      }
    },
    "node_modules/define-data-property": {
      "version": "1.1.4",
      "resolved": "https://npm.core-gaming.io/define-data-property/-/define-data-property-1.1.4.tgz",
      "integrity": "sha512-rBMvIzlpA8v6E+SJZoo++HAYqsLrkg7MSfIinMPFhmkorw7X+dOXVJQs+QT69zGkzMyfDnIMN2Wid1+NbL3T+A==",
      "peer": true,
      "dependencies": {
        "es-define-property": "^1.0.0",
        "es-errors": "^1.3.0",
        "gopd": "^1.0.1"
      },
      "engines": {
        "node": ">= 0.4"
      },
      "funding": {
        "url": "https://github.com/sponsors/ljharb"
      }
    },
    "node_modules/earcut": {
      "version": "2.2.4",
      "resolved": "https://npm.core-gaming.io/earcut/-/earcut-2.2.4.tgz",
      "integrity": "sha512-/pjZsA1b4RPHbeWZQn66SWS8nZZWLQQ23oE3Eam7aroEFGEvwKAsJfZ9ytiEMycfzXWpca4FA9QIOehf7PocBQ=="
    },
    "node_modules/es-define-property": {
      "version": "1.0.0",
      "resolved": "https://npm.core-gaming.io/es-define-property/-/es-define-property-1.0.0.tgz",
      "integrity": "sha512-jxayLKShrEqqzJ0eumQbVhTYQM27CfT1T35+gCgDFoL82JLsXqTJ76zv6A0YLOgEnLUMvLzsDsGIrl8NFpT2gQ==",
      "peer": true,
      "dependencies": {
        "get-intrinsic": "^1.2.4"
      },
      "engines": {
        "node": ">= 0.4"
      }
    },
    "node_modules/es-errors": {
      "version": "1.3.0",
      "resolved": "https://npm.core-gaming.io/es-errors/-/es-errors-1.3.0.tgz",
      "integrity": "sha512-Zf5H2Kxt2xjTvbJvP2ZWLEICxA6j+hAmMzIlypy4xcBg1vKVnx89Wy0GbS+kf5cwCVFFzdCFh2XSCFNULS6csw==",
      "peer": true,
      "engines": {
        "node": ">= 0.4"
      }
    },
    "node_modules/eventemitter3": {
      "version": "5.0.1",
      "resolved": "https://npm.core-gaming.io/eventemitter3/-/eventemitter3-5.0.1.tgz",
      "integrity": "sha512-GWkBvjiSZK87ELrYOSESUYeVIc9mvLLf/nXalMOS5dYrgZq9o5OVkbZAVM06CVxYsCwH9BDZFPlQTlPA1j4ahA=="
    },
    "node_modules/function-bind": {
      "version": "1.1.2",
      "resolved": "https://npm.core-gaming.io/function-bind/-/function-bind-1.1.2.tgz",
      "integrity": "sha512-7XHNxH7qX9xG5mIwxkhumTox/MIRNcOgDrxWsMt2pAr23WHp6MrRlN7FBSFpCpr+oVO0F744iUgR82nJMfG2SA==",
      "peer": true,
      "funding": {
        "url": "https://github.com/sponsors/ljharb"
      }
    },
    "node_modules/get-intrinsic": {
      "version": "1.2.4",
      "resolved": "https://npm.core-gaming.io/get-intrinsic/-/get-intrinsic-1.2.4.tgz",
      "integrity": "sha512-5uYhsJH8VJBTv7oslg4BznJYhDoRI6waYCxMmCdnTrcCrHA/fCFKoTFz2JKKE0HdDFUF7/oQuhzumXJK7paBRQ==",
      "peer": true,
      "dependencies": {
        "es-errors": "^1.3.0",
        "function-bind": "^1.1.2",
        "has-proto": "^1.0.1",
        "has-symbols": "^1.0.3",
        "hasown": "^2.0.0"
      },
      "engines": {
        "node": ">= 0.4"
      },
      "funding": {
        "url": "https://github.com/sponsors/ljharb"
      }
    },
    "node_modules/gopd": {
      "version": "1.0.1",
      "resolved": "https://npm.core-gaming.io/gopd/-/gopd-1.0.1.tgz",
      "integrity": "sha512-d65bNlIadxvpb/A2abVdlqKqV563juRnZ1Wtk6s1sIR8uNsXR70xqIzVqxVf1eTqDunwT2MkczEeaezCKTZhwA==",
      "peer": true,
      "dependencies": {
        "get-intrinsic": "^1.1.3"
      },
      "funding": {
        "url": "https://github.com/sponsors/ljharb"
      }
    },
    "node_modules/has-property-descriptors": {
      "version": "1.0.2",
      "resolved": "https://npm.core-gaming.io/has-property-descriptors/-/has-property-descriptors-1.0.2.tgz",
      "integrity": "sha512-55JNKuIW+vq4Ke1BjOTjM2YctQIvCT7GFzHwmfZPGo5wnrgkid0YQtnAleFSqumZm4az3n2BS+erby5ipJdgrg==",
      "peer": true,
      "dependencies": {
        "es-define-property": "^1.0.0"
      },
      "funding": {
        "url": "https://github.com/sponsors/ljharb"
      }
    },
    "node_modules/has-proto": {
      "version": "1.0.3",
      "resolved": "https://npm.core-gaming.io/has-proto/-/has-proto-1.0.3.tgz",
      "integrity": "sha512-SJ1amZAJUiZS+PhsVLf5tGydlaVB8EdFpaSO4gmiUKUOxk8qzn5AIy4ZeJUmh22znIdk/uMAUT2pl3FxzVUH+Q==",
      "peer": true,
      "engines": {
        "node": ">= 0.4"
      },
      "funding": {
        "url": "https://github.com/sponsors/ljharb"
      }
    },
    "node_modules/has-symbols": {
      "version": "1.0.3",
      "resolved": "https://npm.core-gaming.io/has-symbols/-/has-symbols-1.0.3.tgz",
      "integrity": "sha512-l3LCuF6MgDNwTDKkdYGEihYjt5pRPbEg46rtlmnSPlUbgmB8LOIrKJbYYFBSbnPaJexMKtiPO8hmeRjRz2Td+A==",
      "peer": true,
      "engines": {
        "node": ">= 0.4"
      },
      "funding": {
        "url": "https://github.com/sponsors/ljharb"
      }
    },
    "node_modules/hasown": {
      "version": "2.0.2",
      "resolved": "https://npm.core-gaming.io/hasown/-/hasown-2.0.2.tgz",
      "integrity": "sha512-0hJU9SCPvmMzIBdZFqNPXWa6dqh7WdH0cII9y+CyS8rG3nL48Bclra9HmKhVVUHyPWNH5Y7xDwAB7bfgSjkUMQ==",
      "peer": true,
      "dependencies": {
        "function-bind": "^1.1.2"
      },
      "engines": {
        "node": ">= 0.4"
      }
    },
    "node_modules/ismobilejs": {
      "version": "1.1.1",
      "resolved": "https://npm.core-gaming.io/ismobilejs/-/ismobilejs-1.1.1.tgz",
      "integrity": "sha512-VaFW53yt8QO61k2WJui0dHf4SlL8lxBofUuUmwBo0ljPk0Drz2TiuDW4jo3wDcv41qy/SxrJ+VAzJ/qYqsmzRw=="
    },
    "node_modules/object-inspect": {
      "version": "1.13.2",
      "resolved": "https://npm.core-gaming.io/object-inspect/-/object-inspect-1.13.2.tgz",
      "integrity": "sha512-IRZSRuzJiynemAXPYtPe5BoI/RESNYR7TYm50MC5Mqbd3Jmw5y790sErYw3V6SryFJD64b74qQQs9wn5Bg/k3g==",
      "peer": true,
      "engines": {
        "node": ">= 0.4"
      },
      "funding": {
        "url": "https://github.com/sponsors/ljharb"
      }
    },
    "node_modules/parse-svg-path": {
      "version": "0.1.2",
      "resolved": "https://npm.core-gaming.io/parse-svg-path/-/parse-svg-path-0.1.2.tgz",
      "integrity": "sha512-JyPSBnkTJ0AI8GGJLfMXvKq42cj5c006fnLz6fXy6zfoVjJizi8BNTpu8on8ziI1cKy9d9DGNuY17Ce7wuejpQ=="
    },
    "node_modules/pixi.js": {
      "version": "8.2.6",
      "resolved": "https://npm.core-gaming.io/pixi.js/-/pixi.js-8.2.6.tgz",
      "integrity": "sha512-CNfr7CmjIEWJ06e3TBrXBKFpcTPMGUaFdtP4RlMOgNOTkDD6+Bhm728I/EkGAo2vsOVO1YwNFsuORQyD3MngZg==",
      "dependencies": {
        "@pixi/colord": "^2.9.6",
        "@types/css-font-loading-module": "^0.0.12",
        "@types/earcut": "^2.1.4",
        "@webgpu/types": "^0.1.40",
        "@xmldom/xmldom": "^0.8.10",
        "earcut": "^2.2.4",
        "eventemitter3": "^5.0.1",
        "ismobilejs": "^1.1.1",
        "parse-svg-path": "^0.1.2"
      }
    },
    "node_modules/punycode": {
      "version": "1.4.1",
      "resolved": "https://npm.core-gaming.io/punycode/-/punycode-1.4.1.tgz",
      "integrity": "sha1-wNWmOycYgArY4esPpSachN1BhF4=",
      "peer": true
    },
    "node_modules/qs": {
      "version": "6.12.3",
      "resolved": "https://npm.core-gaming.io/qs/-/qs-6.12.3.tgz",
      "integrity": "sha512-AWJm14H1vVaO/iNZ4/hO+HyaTehuy9nRqVdkTqlJt0HWvBiBIEXFmb4C0DGeYo3Xes9rrEW+TxHsaigCbN5ICQ==",
      "peer": true,
      "dependencies": {
        "side-channel": "^1.0.6"
      },
      "engines": {
        "node": ">=0.6"
      },
      "funding": {
        "url": "https://github.com/sponsors/ljharb"
      }
    },
    "node_modules/set-function-length": {
      "version": "1.2.2",
      "resolved": "https://npm.core-gaming.io/set-function-length/-/set-function-length-1.2.2.tgz",
      "integrity": "sha512-pgRc4hJ4/sNjWCSS9AmnS40x3bNMDTknHgL5UaMBTMyJnU90EgWh1Rz+MC9eFu4BuN/UwZjKQuY/1v3rM7HMfg==",
      "peer": true,
      "dependencies": {
        "define-data-property": "^1.1.4",
        "es-errors": "^1.3.0",
        "function-bind": "^1.1.2",
        "get-intrinsic": "^1.2.4",
        "gopd": "^1.0.1",
        "has-property-descriptors": "^1.0.2"
      },
      "engines": {
        "node": ">= 0.4"
      }
    },
    "node_modules/side-channel": {
      "version": "1.0.6",
      "resolved": "https://npm.core-gaming.io/side-channel/-/side-channel-1.0.6.tgz",
      "integrity": "sha512-fDW/EZ6Q9RiO8eFG8Hj+7u/oW+XrPTIChwCOM2+th2A6OblDtYYIpve9m+KvI9Z4C9qSEXlaGR6bTEYHReuglA==",
      "peer": true,
      "dependencies": {
        "call-bind": "^1.0.7",
        "es-errors": "^1.3.0",
        "get-intrinsic": "^1.2.4",
        "object-inspect": "^1.13.1"
      },
      "engines": {
        "node": ">= 0.4"
      },
      "funding": {
        "url": "https://github.com/sponsors/ljharb"
      }
    },
    "node_modules/url": {
      "version": "0.11.4",
      "resolved": "https://npm.core-gaming.io/url/-/url-0.11.4.tgz",
      "integrity": "sha512-oCwdVC7mTuWiPyjLUz/COz5TLk6wgp0RCsN+wHZ2Ekneac9w8uuV0njcbbie2ME+Vs+d6duwmYuR3HgQXs1fOg==",
      "peer": true,
      "dependencies": {
        "punycode": "^1.4.1",
        "qs": "^6.12.3"
      },
      "engines": {
        "node": ">= 0.4"
      }
    }
  }
}
